// !$*UTF8*$!
{
	archiveVersion = 1;
	classes = {
	};
	objectVersion = 56;
	objects = {

/* Begin PBXBuildFile section */
		755D81B029AF521A00784050 /* RealmTutorialProjectApp.swift in Sources */ = {isa = PBXBuildFile; fileRef = 755D81AF29AF521A00784050 /* RealmTutorialProjectApp.swift */; };
		755D81B229AF521A00784050 /* ContentView.swift in Sources */ = {isa = PBXBuildFile; fileRef = 755D81B129AF521A00784050 /* ContentView.swift */; };
		755D81B429AF521C00784050 /* Assets.xcassets in Resources */ = {isa = PBXBuildFile; fileRef = 755D81B329AF521C00784050 /* Assets.xcassets */; };
		755D81B729AF521C00784050 /* Preview Assets.xcassets in Resources */ = {isa = PBXBuildFile; fileRef = 755D81B629AF521C00784050 /* Preview Assets.xcassets */; };
		755D81BE29AFCFDD00784050 /* TodoItem.swift in Sources */ = {isa = PBXBuildFile; fileRef = 755D81BD29AFCFDD00784050 /* TodoItem.swift */; };
		FB0261BC88E6593AC05738B9 /* Pods_RealmTutorialProject.framework in Frameworks */ = {isa = PBXBuildFile; fileRef = 43E3DA47CA7FE6D1FCDCB0BE /* Pods_RealmTutorialProject.framework */; };
/* End PBXBuildFile section */

/* Begin PBXFileReference section */
		43E3DA47CA7FE6D1FCDCB0BE /* Pods_RealmTutorialProject.framework */ = {isa = PBXFileReference; explicitFileType = wrapper.framework; includeInIndex = 0; path = Pods_RealmTutorialProject.framework; sourceTree = BUILT_PRODUCTS_DIR; };
		755D81AC29AF521A00784050 /* RealmTutorialProject.app */ = {isa = PBXFileReference; explicitFileType = wrapper.application; includeInIndex = 0; path = RealmTutorialProject.app; sourceTree = BUILT_PRODUCTS_DIR; };
		755D81AF29AF521A00784050 /* RealmTutorialProjectApp.swift */ = {isa = PBXFileReference; lastKnownFileType = sourcecode.swift; path = RealmTutorialProjectApp.swift; sourceTree = "<group>"; };
		755D81B129AF521A00784050 /* ContentView.swift */ = {isa = PBXFileReference; lastKnownFileType = sourcecode.swift; path = ContentView.swift; sourceTree = "<group>"; };
		755D81B329AF521C00784050 /* Assets.xcassets */ = {isa = PBXFileReference; lastKnownFileType = folder.assetcatalog; path = Assets.xcassets; sourceTree = "<group>"; };
		755D81B629AF521C00784050 /* Preview Assets.xcassets */ = {isa = PBXFileReference; lastKnownFileType = folder.assetcatalog; path = "Preview Assets.xcassets"; sourceTree = "<group>"; };
		755D81BD29AFCFDD00784050 /* TodoItem.swift */ = {isa = PBXFileReference; lastKnownFileType = sourcecode.swift; path = TodoItem.swift; sourceTree = "<group>"; };
		D9DE199DA2BEA4B4755F5D66 /* Pods-RealmTutorialProject.release.xcconfig */ = {isa = PBXFileReference; includeInIndex = 1; lastKnownFileType = text.xcconfig; name = "Pods-RealmTutorialProject.release.xcconfig"; path = "Target Support Files/Pods-RealmTutorialProject/Pods-RealmTutorialProject.release.xcconfig"; sourceTree = "<group>"; };
		F452310AF860C2F9943E8484 /* Pods-RealmTutorialProject.debug.xcconfig */ = {isa = PBXFileReference; includeInIndex = 1; lastKnownFileType = text.xcconfig; name = "Pods-RealmTutorialProject.debug.xcconfig"; path = "Target Support Files/Pods-RealmTutorialProject/Pods-RealmTutorialProject.debug.xcconfig"; sourceTree = "<group>"; };
/* End PBXFileReference section */

/* Begin PBXFrameworksBuildPhase section */
		755D81A929AF521A00784050 /* Frameworks */ = {
			isa = PBXFrameworksBuildPhase;
			buildActionMask = 2147483647;
			files = (
				FB0261BC88E6593AC05738B9 /* Pods_RealmTutorialProject.framework in Frameworks */,
			);
			runOnlyForDeploymentPostprocessing = 0;
		};
/* End PBXFrameworksBuildPhase section */

/* Begin PBXGroup section */
		755D81A329AF521A00784050 = {
			isa = PBXGroup;
			children = (
				755D81AE29AF521A00784050 /* RealmTutorialProject */,
				755D81AD29AF521A00784050 /* Products */,
				D2D68AD21A1B9DA2710DA0E9 /* Pods */,
				CA2B0495CC9273EEE2EFDEE0 /* Frameworks */,
			);
			sourceTree = "<group>";
		};
		755D81AD29AF521A00784050 /* Products */ = {
			isa = PBXGroup;
			children = (
				755D81AC29AF521A00784050 /* RealmTutorialProject.app */,
			);
			name = Products;
			sourceTree = "<group>";
		};
		755D81AE29AF521A00784050 /* RealmTutorialProject */ = {
			isa = PBXGroup;
			children = (
				755D81AF29AF521A00784050 /* RealmTutorialProjectApp.swift */,
				755D81B129AF521A00784050 /* ContentView.swift */,
				755D81BD29AFCFDD00784050 /* TodoItem.swift */,
				755D81B329AF521C00784050 /* Assets.xcassets */,
				755D81B529AF521C00784050 /* Preview Content */,
			);
			path = RealmTutorialProject;
			sourceTree = "<group>";
		};
		755D81B529AF521C00784050 /* Preview Content */ = {
			isa = PBXGroup;
			children = (
				755D81B629AF521C00784050 /* Preview Assets.xcassets */,
			);
			path = "Preview Content";
			sourceTree = "<group>";
		};
		CA2B0495CC9273EEE2EFDEE0 /* Frameworks */ = {
			isa = PBXGroup;
			children = (
				43E3DA47CA7FE6D1FCDCB0BE /* Pods_RealmTutorialProject.framework */,
			);
			name = Frameworks;
			sourceTree = "<group>";
		};
		D2D68AD21A1B9DA2710DA0E9 /* Pods */ = {
			isa = PBXGroup;
			children = (
				F452310AF860C2F9943E8484 /* Pods-RealmTutorialProject.debug.xcconfig */,
				D9DE199DA2BEA4B4755F5D66 /* Pods-RealmTutorialProject.release.xcconfig */,
			);
			path = Pods;
			sourceTree = "<group>";
		};
/* End PBXGroup section */

/* Begin PBXNativeTarget section */
		755D81AB29AF521A00784050 /* RealmTutorialProject */ = {
			isa = PBXNativeTarget;
			buildConfigurationList = 755D81BA29AF521C00784050 /* Build configuration list for PBXNativeTarget "RealmTutorialProject" */;
			buildPhases = (
				9EE72AA04A5F9EB59F65140D /* [CP] Check Pods Manifest.lock */,
				755D81A829AF521A00784050 /* Sources */,
				755D81A929AF521A00784050 /* Frameworks */,
				755D81AA29AF521A00784050 /* Resources */,
				7C1BD18857265200DAFFE3BE /* [CP] Embed Pods Frameworks */,
			);
			buildRules = (
			);
			dependencies = (
			);
			name = RealmTutorialProject;
			productName = RealmTutorialProject;
			productReference = 755D81AC29AF521A00784050 /* RealmTutorialProject.app */;
			productType = "com.apple.product-type.application";
		};
/* End PBXNativeTarget section */

/* Begin PBXProject section */
		755D81A429AF521A00784050 /* Project object */ = {
			isa = PBXProject;
			attributes = {
				BuildIndependentTargetsInParallel = 1;
				LastSwiftUpdateCheck = 1420;
				LastUpgradeCheck = 1420;
				TargetAttributes = {
					755D81AB29AF521A00784050 = {
						CreatedOnToolsVersion = 14.2;
					};
				};
			};
			buildConfigurationList = 755D81A729AF521A00784050 /* Build configuration list for PBXProject "RealmTutorialProject" */;
			compatibilityVersion = "Xcode 14.0";
			developmentRegion = en;
			hasScannedForEncodings = 0;
			knownRegions = (
				en,
				Base,
			);
			mainGroup = 755D81A329AF521A00784050;
			productRefGroup = 755D81AD29AF521A00784050 /* Products */;
			projectDirPath = "";
			projectRoot = "";
			targets = (
				755D81AB29AF521A00784050 /* RealmTutorialProject */,
			);
		};
/* End PBXProject section */

/* Begin PBXResourcesBuildPhase section */
		755D81AA29AF521A00784050 /* Resources */ = {
			isa = PBXResourcesBuildPhase;
			buildActionMask = 2147483647;
			files = (
				755D81B729AF521C00784050 /* Preview Assets.xcassets in Resources */,
				755D81B429AF521C00784050 /* Assets.xcassets in Resources */,
			);
			runOnlyForDeploymentPostprocessing = 0;
		};
/* End PBXResourcesBuildPhase section */

/* Begin PBXShellScriptBuildPhase section */
		7C1BD18857265200DAFFE3BE /* [CP] Embed Pods Frameworks */ = {
			isa = PBXShellScriptBuildPhase;
			buildActionMask = 2147483647;
			files = (
			);
			inputFileListPaths = (
				"${PODS_ROOT}/Target Support Files/Pods-RealmTutorialProject/Pods-RealmTutorialProject-frameworks-${CONFIGURATION}-input-files.xcfilelist",
			);
			name = "[CP] Embed Pods Frameworks";
			outputFileListPaths = (
				"${PODS_ROOT}/Target Support Files/Pods-RealmTutorialProject/Pods-RealmTutorialProject-frameworks-${CONFIGURATION}-output-files.xcfilelist",
			);
			runOnlyForDeploymentPostprocessing = 0;
			shellPath = /bin/sh;
			shellScript = "\"${PODS_ROOT}/Target Support Files/Pods-RealmTutorialProject/Pods-RealmTutorialProject-frameworks.sh\"\n";
			showEnvVarsInLog = 0;
		};
		9EE72AA04A5F9EB59F65140D /* [CP] Check Pods Manifest.lock */ = {
			isa = PBXShellScriptBuildPhase;
			buildActionMask = 2147483647;
			files = (
			);
			inputFileListPaths = (
			);
			inputPaths = (
				"${PODS_PODFILE_DIR_PATH}/Podfile.lock",
				"${PODS_ROOT}/Manifest.lock",
			);
			name = "[CP] Check Pods Manifest.lock";
			outputFileListPaths = (
			);
			outputPaths = (
				"$(DERIVED_FILE_DIR)/Pods-RealmTutorialProject-checkManifestLockResult.txt",
			);
			runOnlyForDeploymentPostprocessing = 0;
			shellPath = /bin/sh;
			shellScript = "diff \"${PODS_PODFILE_DIR_PATH}/Podfile.lock\" \"${PODS_ROOT}/Manifest.lock\" > /dev/null\nif [ $? != 0 ] ; then\n    # print error to STDERR\n    echo \"error: The sandbox is not in sync with the Podfile.lock. Run 'pod install' or update your CocoaPods installation.\" >&2\n    exit 1\nfi\n# This output is used by Xcode 'outputs' to avoid re-running this script phase.\necho \"SUCCESS\" > \"${SCRIPT_OUTPUT_FILE_0}\"\n";
			showEnvVarsInLog = 0;
		};
/* End PBXShellScriptBuildPhase section */

/* Begin PBXSourcesBuildPhase section */
		755D81A829AF521A00784050 /* Sources */ = {
			isa = PBXSourcesBuildPhase;
			buildActionMask = 2147483647;
			files = (
				755D81BE29AFCFDD00784050 /* TodoItem.swift in Sources */,
				755D81B229AF521A00784050 /* ContentView.swift in Sources */,
				755D81B029AF521A00784050 /* RealmTutorialProjectApp.swift in Sources */,
			);
			runOnlyForDeploymentPostprocessing = 0;
		};
/* End PBXSourcesBuildPhase section */

/* Begin XCBuildConfiguration section */
		755D81B829AF521C00784050 /* Debug */ = {
			isa = XCBuildConfiguration;
			buildSettings = {
				ALWAYS_SEARCH_USER_PATHS = NO;
				CLANG_ANALYZER_NONNULL = YES;
				CLANG_ANALYZER_NUMBER_OBJECT_CONVERSION = YES_AGGRESSIVE;
				CLANG_CXX_LANGUAGE_STANDARD = "gnu++20";
				CLANG_ENABLE_MODULES = YES;
				CLANG_ENABLE_OBJC_ARC = YES;
				CLANG_ENABLE_OBJC_WEAK = YES;
				CLANG_WARN_BLOCK_CAPTURE_AUTORELEASING = YES;
				CLANG_WARN_BOOL_CONVERSION = YES;
				CLANG_WARN_COMMA = YES;
				CLANG_WARN_CONSTANT_CONVERSION = YES;
				CLANG_WARN_DEPRECATED_OBJC_IMPLEMENTATIONS = YES;
				CLANG_WARN_DIRECT_OBJC_ISA_USAGE = YES_ERROR;
				CLANG_WARN_DOCUMENTATION_COMMENTS = YES;
				CLANG_WARN_EMPTY_BODY = YES;
				CLANG_WARN_ENUM_CONVERSION = YES;
				CLANG_WARN_INFINITE_RECURSION = YES;
				CLANG_WARN_INT_CONVERSION = YES;
				CLANG_WARN_NON_LITERAL_NULL_CONVERSION = YES;
				CLANG_WARN_OBJC_IMPLICIT_RETAIN_SELF = YES;
				CLANG_WARN_OBJC_LITERAL_CONVERSION = YES;
				CLANG_WARN_OBJC_ROOT_CLASS = YES_ERROR;
				CLANG_WARN_QUOTED_INCLUDE_IN_FRAMEWORK_HEADER = YES;
				CLANG_WARN_RANGE_LOOP_ANALYSIS = YES;
				CLANG_WARN_STRICT_PROTOTYPES = YES;
				CLANG_WARN_SUSPICIOUS_MOVE = YES;
				CLANG_WARN_UNGUARDED_AVAILABILITY = YES_AGGRESSIVE;
				CLANG_WARN_UNREACHABLE_CODE = YES;
				CLANG_WARN__DUPLICATE_METHOD_MATCH = YES;
				COPY_PHASE_STRIP = NO;
				DEBUG_INFORMATION_FORMAT = dwarf;
				ENABLE_STRICT_OBJC_MSGSEND = YES;
				ENABLE_TESTABILITY = YES;
				GCC_C_LANGUAGE_STANDARD = gnu11;
				GCC_DYNAMIC_NO_PIC = NO;
				GCC_NO_COMMON_BLOCKS = YES;
				GCC_OPTIMIZATION_LEVEL = 0;
				GCC_PREPROCESSOR_DEFINITIONS = (
					"DEBUG=1",
					"$(inherited)",
				);
				GCC_WARN_64_TO_32_BIT_CONVERSION = YES;
				GCC_WARN_ABOUT_RETURN_TYPE = YES_ERROR;
				GCC_WARN_UNDECLARED_SELECTOR = YES;
				GCC_WARN_UNINITIALIZED_AUTOS = YES_AGGRESSIVE;
				GCC_WARN_UNUSED_FUNCTION = YES;
				GCC_WARN_UNUSED_VARIABLE = YES;
				IPHONEOS_DEPLOYMENT_TARGET = 16.2;
				MTL_ENABLE_DEBUG_INFO = INCLUDE_SOURCE;
				MTL_FAST_MATH = YES;
				ONLY_ACTIVE_ARCH = YES;
				SDKROOT = iphoneos;
				SWIFT_ACTIVE_COMPILATION_CONDITIONS = DEBUG;
				SWIFT_OPTIMIZATION_LEVEL = "-Onone";
			};
			name = Debug;
		};
		755D81B929AF521C00784050 /* Release */ = {
			isa = XCBuildConfiguration;
			buildSettings = {
				ALWAYS_SEARCH_USER_PATHS = NO;
				CLANG_ANALYZER_NONNULL = YES;
				CLANG_ANALYZER_NUMBER_OBJECT_CONVERSION = YES_AGGRESSIVE;
				CLANG_CXX_LANGUAGE_STANDARD = "gnu++20";
				CLANG_ENABLE_MODULES = YES;
				CLANG_ENABLE_OBJC_ARC = YES;
				CLANG_ENABLE_OBJC_WEAK = YES;
				CLANG_WARN_BLOCK_CAPTURE_AUTORELEASING = YES;
				CLANG_WARN_BOOL_CONVERSION = YES;
				CLANG_WARN_COMMA = YES;
				CLANG_WARN_CONSTANT_CONVERSION = YES;
				CLANG_WARN_DEPRECATED_OBJC_IMPLEMENTATIONS = YES;
				CLANG_WARN_DIRECT_OBJC_ISA_USAGE = YES_ERROR;
				CLANG_WARN_DOCUMENTATION_COMMENTS = YES;
				CLANG_WARN_EMPTY_BODY = YES;
				CLANG_WARN_ENUM_CONVERSION = YES;
				CLANG_WARN_INFINITE_RECURSION = YES;
				CLANG_WARN_INT_CONVERSION = YES;
				CLANG_WARN_NON_LITERAL_NULL_CONVERSION = YES;
				CLANG_WARN_OBJC_IMPLICIT_RETAIN_SELF = YES;
				CLANG_WARN_OBJC_LITERAL_CONVERSION = YES;
				CLANG_WARN_OBJC_ROOT_CLASS = YES_ERROR;
				CLANG_WARN_QUOTED_INCLUDE_IN_FRAMEWORK_HEADER = YES;
				CLANG_WARN_RANGE_LOOP_ANALYSIS = YES;
				CLANG_WARN_STRICT_PROTOTYPES = YES;
				CLANG_WARN_SUSPICIOUS_MOVE = YES;
				CLANG_WARN_UNGUARDED_AVAILABILITY = YES_AGGRESSIVE;
				CLANG_WARN_UNREACHABLE_CODE = YES;
				CLANG_WARN__DUPLICATE_METHOD_MATCH = YES;
				COPY_PHASE_STRIP = NO;
				DEBUG_INFORMATION_FORMAT = "dwarf-with-dsym";
				ENABLE_NS_ASSERTIONS = NO;
				ENABLE_STRICT_OBJC_MSGSEND = YES;
				GCC_C_LANGUAGE_STANDARD = gnu11;
				GCC_NO_COMMON_BLOCKS = YES;
				GCC_WARN_64_TO_32_BIT_CONVERSION = YES;
				GCC_WARN_ABOUT_RETURN_TYPE = YES_ERROR;
				GCC_WARN_UNDECLARED_SELECTOR = YES;
				GCC_WARN_UNINITIALIZED_AUTOS = YES_AGGRESSIVE;
				GCC_WARN_UNUSED_FUNCTION = YES;
				GCC_WARN_UNUSED_VARIABLE = YES;
				IPHONEOS_DEPLOYMENT_TARGET = 16.2;
				MTL_ENABLE_DEBUG_INFO = NO;
				MTL_FAST_MATH = YES;
				SDKROOT = iphoneos;
				SWIFT_COMPILATION_MODE = wholemodule;
				SWIFT_OPTIMIZATION_LEVEL = "-O";
				VALIDATE_PRODUCT = YES;
			};
			name = Release;
		};
		755D81BB29AF521C00784050 /* Debug */ = {
			isa = XCBuildConfiguration;
			baseConfigurationReference = F452310AF860C2F9943E8484 /* Pods-RealmTutorialProject.debug.xcconfig */;
			buildSettings = {
				ASSETCATALOG_COMPILER_APPICON_NAME = AppIcon;
				ASSETCATALOG_COMPILER_GLOBAL_ACCENT_COLOR_NAME = AccentColor;
				CODE_SIGN_STYLE = Automatic;
				CURRENT_PROJECT_VERSION = 1;
				DEVELOPMENT_ASSET_PATHS = "\"RealmTutorialProject/Preview Content\"";
				DEVELOPMENT_TEAM = N28L9FHHL4;
				ENABLE_PREVIEWS = YES;
				GENERATE_INFOPLIST_FILE = YES;
				INFOPLIST_KEY_UIApplicationSceneManifest_Generation = YES;
				INFOPLIST_KEY_UIApplicationSupportsIndirectInputEvents = YES;
				INFOPLIST_KEY_UILaunchScreen_Generation = YES;
				INFOPLIST_KEY_UISupportedInterfaceOrientations_iPad = "UIInterfaceOrientationPortrait UIInterfaceOrientationPortraitUpsideDown UIInterfaceOrientationLandscapeLeft UIInterfaceOrientationLandscapeRight";
				INFOPLIST_KEY_UISupportedInterfaceOrientations_iPhone = "UIInterfaceOrientationPortrait UIInterfaceOrientationLandscapeLeft UIInterfaceOrientationLandscapeRight";
				LD_RUNPATH_SEARCH_PATHS = (
					"$(inherited)",
					"@executable_path/Frameworks",
				);
				MARKETING_VERSION = 1.0;
				PRODUCT_BUNDLE_IDENTIFIER = "Swift-Biginners.RealmTutorialProject";
				PRODUCT_NAME = "$(TARGET_NAME)";
				SWIFT_EMIT_LOC_STRINGS = YES;
				SWIFT_VERSION = 5.0;
				TARGETED_DEVICE_FAMILY = "1,2";
			};
			name = Debug;
		};
		755D81BC29AF521C00784050 /* Release */ = {
			isa = XCBuildConfiguration;
			baseConfigurationReference = D9DE199DA2BEA4B4755F5D66 /* Pods-RealmTutorialProject.release.xcconfig */;
			buildSettings = {
				ASSETCATALOG_COMPILER_APPICON_NAME = AppIcon;
				ASSETCATALOG_COMPILER_GLOBAL_ACCENT_COLOR_NAME = AccentColor;
				CODE_SIGN_STYLE = Automatic;
				CURRENT_PROJECT_VERSION = 1;
				DEVELOPMENT_ASSET_PATHS = "\"RealmTutorialProject/Preview Content\"";
				DEVELOPMENT_TEAM = N28L9FHHL4;
				ENABLE_PREVIEWS = YES;
				GENERATE_INFOPLIST_FILE = YES;
				INFOPLIST_KEY_UIApplicationSceneManifest_Generation = YES;
				INFOPLIST_KEY_UIApplicationSupportsIndirectInputEvents = YES;
				INFOPLIST_KEY_UILaunchScreen_Generation = YES;
				INFOPLIST_KEY_UISupportedInterfaceOrientations_iPad = "UIInterfaceOrientationPortrait UIInterfaceOrientationPortraitUpsideDown UIInterfaceOrientationLandscapeLeft UIInterfaceOrientationLandscapeRight";
				INFOPLIST_KEY_UISupportedInterfaceOrientations_iPhone = "UIInterfaceOrientationPortrait UIInterfaceOrientationLandscapeLeft UIInterfaceOrientationLandscapeRight";
				LD_RUNPATH_SEARCH_PATHS = (
					"$(inherited)",
					"@executable_path/Frameworks",
				);
				MARKETING_VERSION = 1.0;
				PRODUCT_BUNDLE_IDENTIFIER = "Swift-Biginners.RealmTutorialProject";
				PRODUCT_NAME = "$(TARGET_NAME)";
				SWIFT_EMIT_LOC_STRINGS = YES;
				SWIFT_VERSION = 5.0;
				TARGETED_DEVICE_FAMILY = "1,2";
			};
			name = Release;
		};
/* End XCBuildConfiguration section */

/* Begin XCConfigurationList section */
		755D81A729AF521A00784050 /* Build configuration list for PBXProject "RealmTutorialProject" */ = {
			isa = XCConfigurationList;
			buildConfigurations = (
				755D81B829AF521C00784050 /* Debug */,
				755D81B929AF521C00784050 /* Release */,
			);
			defaultConfigurationIsVisible = 0;
			defaultConfigurationName = Release;
		};
		755D81BA29AF521C00784050 /* Build configuration list for PBXNativeTarget "RealmTutorialProject" */ = {
			isa = XCConfigurationList;
			buildConfigurations = (
				755D81BB29AF521C00784050 /* Debug */,
				755D81BC29AF521C00784050 /* Release */,
			);
			defaultConfigurationIsVisible = 0;
			defaultConfigurationName = Release;
		};
/* End XCConfigurationList section */
	};
	rootObject = 755D81A429AF521A00784050 /* Project object */;
}
